
Microsoft Visual Studio Solution File, Format Version 12.00
# Visual Studio Version 17
VisualStudioVersion = 17.6.33829.357
MinimumVisualStudioVersion = 10.0.40219.1
Project("{FAE04EC0-301F-11D3-BF4B-00C04F79EFBC}") = "Basit4Islem", "Basit4Islem\Basit4Islem.csproj", "{06164912-B2A2-4125-930E-47D084014E64}"
EndProject
Global
	GlobalSection(SolutionConfigurationPlatforms) = preSolution
		Debug|Any CPU = Debug|Any CPU
		Release|Any CPU = Release|Any CPU
	EndGlobalSection
	GlobalSection(ProjectConfigurationPlatforms) = postSolution
		{06164912-B2A2-4125-930E-47D084014E64}.Debug|Any CPU.ActiveCfg = Debug|Any CPU
		{06164912-B2A2-4125-930E-47D084014E64}.Debug|Any CPU.Build.0 = Debug|Any CPU
		{06164912-B2A2-4125-930E-47D084014E64}.Release|Any CPU.ActiveCfg = Release|Any CPU
		{06164912-B2A2-4125-930E-47D084014E64}.Release|Any CPU.Build.0 = Release|Any CPU
	EndGlobalSection
	GlobalSection(SolutionProperties) = preSolution
		HideSolutionNode = FALSE
	EndGlobalSection
	GlobalSection(ExtensibilityGlobals) = postSolution
		SolutionGuid = {97FBFFF6-01E5-47B6-A65F-1FBEFC398C0E}
	EndGlobalSection
EndGlobal
